// !$*UTF8*$!
{
	archiveVersion = 1;
	classes = {
	};
	objectVersion = 56;
	objects = {

/* Begin PBXBuildFile section */
		2533013D2C5C905A003CD5E8 /* City.swift in Sources */ = {isa = PBXBuildFile; fileRef = 2533013C2C5C905A003CD5E8 /* City.swift */; };
		253301412C5C92E6003CD5E8 /* SearchCityViewModel.swift in Sources */ = {isa = PBXBuildFile; fileRef = 253301402C5C92E6003CD5E8 /* SearchCityViewModel.swift */; };
		253301432C5C93D2003CD5E8 /* SearchCityViewController.swift in Sources */ = {isa = PBXBuildFile; fileRef = 253301422C5C93D2003CD5E8 /* SearchCityViewController.swift */; };
		253301472C5D6922003CD5E8 /* CityJson.json in Resources */ = {isa = PBXBuildFile; fileRef = 253301462C5D6922003CD5E8 /* CityJson.json */; };
		25CBE7422C5C75AA00EB872F /* LocationManager.swift in Sources */ = {isa = PBXBuildFile; fileRef = 25CBE7412C5C75AA00EB872F /* LocationManager.swift */; };
		25F12F5A2C5C269F000C9DCE /* AppDelegate.swift in Sources */ = {isa = PBXBuildFile; fileRef = 25F12F592C5C269F000C9DCE /* AppDelegate.swift */; };
		25F12F5C2C5C269F000C9DCE /* SceneDelegate.swift in Sources */ = {isa = PBXBuildFile; fileRef = 25F12F5B2C5C269F000C9DCE /* SceneDelegate.swift */; };
		25F12F612C5C269F000C9DCE /* Main.storyboard in Resources */ = {isa = PBXBuildFile; fileRef = 25F12F5F2C5C269F000C9DCE /* Main.storyboard */; };
		25F12F632C5C26A3000C9DCE /* Assets.xcassets in Resources */ = {isa = PBXBuildFile; fileRef = 25F12F622C5C26A3000C9DCE /* Assets.xcassets */; };
		25F12F662C5C26A3000C9DCE /* LaunchScreen.storyboard in Resources */ = {isa = PBXBuildFile; fileRef = 25F12F642C5C26A3000C9DCE /* LaunchScreen.storyboard */; };
		25F12F712C5C26A4000C9DCE /* iWeatherTests.swift in Sources */ = {isa = PBXBuildFile; fileRef = 25F12F702C5C26A4000C9DCE /* iWeatherTests.swift */; };
		25F12F7B2C5C26A4000C9DCE /* iWeatherUITests.swift in Sources */ = {isa = PBXBuildFile; fileRef = 25F12F7A2C5C26A4000C9DCE /* iWeatherUITests.swift */; };
		25F12F7D2C5C26A4000C9DCE /* iWeatherUITestsLaunchTests.swift in Sources */ = {isa = PBXBuildFile; fileRef = 25F12F7C2C5C26A4000C9DCE /* iWeatherUITestsLaunchTests.swift */; };
		25F12F8E2C5C2FDD000C9DCE /* WeatherCell.xib in Resources */ = {isa = PBXBuildFile; fileRef = 25F12F8D2C5C2FDD000C9DCE /* WeatherCell.xib */; };
		25F12F902C5C32C3000C9DCE /* WeatherCell.swift in Sources */ = {isa = PBXBuildFile; fileRef = 25F12F8F2C5C32C3000C9DCE /* WeatherCell.swift */; };
		25F12F922C5C3414000C9DCE /* Weather.swift in Sources */ = {isa = PBXBuildFile; fileRef = 25F12F912C5C3414000C9DCE /* Weather.swift */; };
		25F12F942C5C37C6000C9DCE /* WeatherViewModel.swift in Sources */ = {isa = PBXBuildFile; fileRef = 25F12F932C5C37C6000C9DCE /* WeatherViewModel.swift */; };
		25F12F962C5C37DE000C9DCE /* WebService.swift in Sources */ = {isa = PBXBuildFile; fileRef = 25F12F952C5C37DE000C9DCE /* WebService.swift */; };
		25F12F9A2C5C409F000C9DCE /* Constants.swift in Sources */ = {isa = PBXBuildFile; fileRef = 25F12F992C5C409F000C9DCE /* Constants.swift */; };
		25F12F9C2C5C41AF000C9DCE /* WeatherViewController.swift in Sources */ = {isa = PBXBuildFile; fileRef = 25F12F9B2C5C41AF000C9DCE /* WeatherViewController.swift */; };
		25F12F9E2C5C425A000C9DCE /* WeatherViewDataSource.swift in Sources */ = {isa = PBXBuildFile; fileRef = 25F12F9D2C5C425A000C9DCE /* WeatherViewDataSource.swift */; };
		6B3147BF2C5F0E320094D006 /* WeatherViewModelUnitTest.swift in Sources */ = {isa = PBXBuildFile; fileRef = 6B3147BE2C5F0E320094D006 /* WeatherViewModelUnitTest.swift */; };
		6B3147C12C5F123B0094D006 /* WeatherViewElements.swift in Sources */ = {isa = PBXBuildFile; fileRef = 6B3147C02C5F123B0094D006 /* WeatherViewElements.swift */; };
		6B3147C52C603A8A0094D006 /* iWeatherMockService.swift in Sources */ = {isa = PBXBuildFile; fileRef = 6B3147C42C603A8A0094D006 /* iWeatherMockService.swift */; };
		6BDB27282C5E81DD007CB8F0 /* CityCell.xib in Resources */ = {isa = PBXBuildFile; fileRef = 6BDB27272C5E81DD007CB8F0 /* CityCell.xib */; };
		6BDB272A2C5E8209007CB8F0 /* CityCell.swift in Sources */ = {isa = PBXBuildFile; fileRef = 6BDB27292C5E8209007CB8F0 /* CityCell.swift */; };
		6BDB272D2C5EB7A7007CB8F0 /* UserDefaults.swift in Sources */ = {isa = PBXBuildFile; fileRef = 6BDB272C2C5EB7A7007CB8F0 /* UserDefaults.swift */; };
/* End PBXBuildFile section */

/* Begin PBXContainerItemProxy section */
		25F12F6D2C5C26A4000C9DCE /* PBXContainerItemProxy */ = {
			isa = PBXContainerItemProxy;
			containerPortal = 25F12F4E2C5C269F000C9DCE /* Project object */;
			proxyType = 1;
			remoteGlobalIDString = 25F12F552C5C269F000C9DCE;
			remoteInfo = iWeather;
		};
		25F12F772C5C26A4000C9DCE /* PBXContainerItemProxy */ = {
			isa = PBXContainerItemProxy;
			containerPortal = 25F12F4E2C5C269F000C9DCE /* Project object */;
			proxyType = 1;
			remoteGlobalIDString = 25F12F552C5C269F000C9DCE;
			remoteInfo = iWeather;
		};
/* End PBXContainerItemProxy section */

/* Begin PBXFileReference section */
		2533013C2C5C905A003CD5E8 /* City.swift */ = {isa = PBXFileReference; lastKnownFileType = sourcecode.swift; path = City.swift; sourceTree = "<group>"; };
		253301402C5C92E6003CD5E8 /* SearchCityViewModel.swift */ = {isa = PBXFileReference; lastKnownFileType = sourcecode.swift; path = SearchCityViewModel.swift; sourceTree = "<group>"; };
		253301422C5C93D2003CD5E8 /* SearchCityViewController.swift */ = {isa = PBXFileReference; lastKnownFileType = sourcecode.swift; path = SearchCityViewController.swift; sourceTree = "<group>"; };
		253301462C5D6922003CD5E8 /* CityJson.json */ = {isa = PBXFileReference; fileEncoding = 4; lastKnownFileType = text.json; path = CityJson.json; sourceTree = "<group>"; };
		25CBE7412C5C75AA00EB872F /* LocationManager.swift */ = {isa = PBXFileReference; lastKnownFileType = sourcecode.swift; path = LocationManager.swift; sourceTree = "<group>"; };
		25F12F562C5C269F000C9DCE /* iWeather.app */ = {isa = PBXFileReference; explicitFileType = wrapper.application; includeInIndex = 0; path = iWeather.app; sourceTree = BUILT_PRODUCTS_DIR; };
		25F12F592C5C269F000C9DCE /* AppDelegate.swift */ = {isa = PBXFileReference; lastKnownFileType = sourcecode.swift; path = AppDelegate.swift; sourceTree = "<group>"; };
		25F12F5B2C5C269F000C9DCE /* SceneDelegate.swift */ = {isa = PBXFileReference; lastKnownFileType = sourcecode.swift; path = SceneDelegate.swift; sourceTree = "<group>"; };
		25F12F602C5C269F000C9DCE /* Base */ = {isa = PBXFileReference; lastKnownFileType = file.storyboard; name = Base; path = Base.lproj/Main.storyboard; sourceTree = "<group>"; };
		25F12F622C5C26A3000C9DCE /* Assets.xcassets */ = {isa = PBXFileReference; lastKnownFileType = folder.assetcatalog; path = Assets.xcassets; sourceTree = "<group>"; };
		25F12F652C5C26A3000C9DCE /* Base */ = {isa = PBXFileReference; lastKnownFileType = file.storyboard; name = Base; path = Base.lproj/LaunchScreen.storyboard; sourceTree = "<group>"; };
		25F12F672C5C26A3000C9DCE /* Info.plist */ = {isa = PBXFileReference; lastKnownFileType = text.plist.xml; path = Info.plist; sourceTree = "<group>"; };
		25F12F6C2C5C26A4000C9DCE /* iWeatherTests.xctest */ = {isa = PBXFileReference; explicitFileType = wrapper.cfbundle; includeInIndex = 0; path = iWeatherTests.xctest; sourceTree = BUILT_PRODUCTS_DIR; };
		25F12F702C5C26A4000C9DCE /* iWeatherTests.swift */ = {isa = PBXFileReference; lastKnownFileType = sourcecode.swift; path = iWeatherTests.swift; sourceTree = "<group>"; };
		25F12F762C5C26A4000C9DCE /* iWeatherUITests.xctest */ = {isa = PBXFileReference; explicitFileType = wrapper.cfbundle; includeInIndex = 0; path = iWeatherUITests.xctest; sourceTree = BUILT_PRODUCTS_DIR; };
		25F12F7A2C5C26A4000C9DCE /* iWeatherUITests.swift */ = {isa = PBXFileReference; lastKnownFileType = sourcecode.swift; path = iWeatherUITests.swift; sourceTree = "<group>"; };
		25F12F7C2C5C26A4000C9DCE /* iWeatherUITestsLaunchTests.swift */ = {isa = PBXFileReference; lastKnownFileType = sourcecode.swift; path = iWeatherUITestsLaunchTests.swift; sourceTree = "<group>"; };
		25F12F8D2C5C2FDD000C9DCE /* WeatherCell.xib */ = {isa = PBXFileReference; lastKnownFileType = file.xib; path = WeatherCell.xib; sourceTree = "<group>"; };
		25F12F8F2C5C32C3000C9DCE /* WeatherCell.swift */ = {isa = PBXFileReference; lastKnownFileType = sourcecode.swift; path = WeatherCell.swift; sourceTree = "<group>"; };
		25F12F912C5C3414000C9DCE /* Weather.swift */ = {isa = PBXFileReference; lastKnownFileType = sourcecode.swift; path = Weather.swift; sourceTree = "<group>"; };
		25F12F932C5C37C6000C9DCE /* WeatherViewModel.swift */ = {isa = PBXFileReference; lastKnownFileType = sourcecode.swift; path = WeatherViewModel.swift; sourceTree = "<group>"; };
		25F12F952C5C37DE000C9DCE /* WebService.swift */ = {isa = PBXFileReference; lastKnownFileType = sourcecode.swift; path = WebService.swift; sourceTree = "<group>"; };
		25F12F992C5C409F000C9DCE /* Constants.swift */ = {isa = PBXFileReference; lastKnownFileType = sourcecode.swift; path = Constants.swift; sourceTree = "<group>"; };
		25F12F9B2C5C41AF000C9DCE /* WeatherViewController.swift */ = {isa = PBXFileReference; lastKnownFileType = sourcecode.swift; path = WeatherViewController.swift; sourceTree = "<group>"; };
		25F12F9D2C5C425A000C9DCE /* WeatherViewDataSource.swift */ = {isa = PBXFileReference; lastKnownFileType = sourcecode.swift; path = WeatherViewDataSource.swift; sourceTree = "<group>"; };
		6B3147BE2C5F0E320094D006 /* WeatherViewModelUnitTest.swift */ = {isa = PBXFileReference; lastKnownFileType = sourcecode.swift; path = WeatherViewModelUnitTest.swift; sourceTree = "<group>"; };
		6B3147C02C5F123B0094D006 /* WeatherViewElements.swift */ = {isa = PBXFileReference; lastKnownFileType = sourcecode.swift; path = WeatherViewElements.swift; sourceTree = "<group>"; };
		6B3147C42C603A8A0094D006 /* iWeatherMockService.swift */ = {isa = PBXFileReference; lastKnownFileType = sourcecode.swift; path = iWeatherMockService.swift; sourceTree = "<group>"; };
		6B3147C62C6052D10094D006 /* Info.plist */ = {isa = PBXFileReference; lastKnownFileType = text.plist; path = Info.plist; sourceTree = "<group>"; };
		6BDB27272C5E81DD007CB8F0 /* CityCell.xib */ = {isa = PBXFileReference; lastKnownFileType = file.xib; path = CityCell.xib; sourceTree = "<group>"; };
		6BDB27292C5E8209007CB8F0 /* CityCell.swift */ = {isa = PBXFileReference; lastKnownFileType = sourcecode.swift; path = CityCell.swift; sourceTree = "<group>"; };
		6BDB272C2C5EB7A7007CB8F0 /* UserDefaults.swift */ = {isa = PBXFileReference; lastKnownFileType = sourcecode.swift; path = UserDefaults.swift; sourceTree = "<group>"; };
/* End PBXFileReference section */

/* Begin PBXFrameworksBuildPhase section */
		25F12F532C5C269F000C9DCE /* Frameworks */ = {
			isa = PBXFrameworksBuildPhase;
			buildActionMask = 2147483647;
			files = (
			);
			runOnlyForDeploymentPostprocessing = 0;
		};
		25F12F692C5C26A4000C9DCE /* Frameworks */ = {
			isa = PBXFrameworksBuildPhase;
			buildActionMask = 2147483647;
			files = (
			);
			runOnlyForDeploymentPostprocessing = 0;
		};
		25F12F732C5C26A4000C9DCE /* Frameworks */ = {
			isa = PBXFrameworksBuildPhase;
			buildActionMask = 2147483647;
			files = (
			);
			runOnlyForDeploymentPostprocessing = 0;
		};
/* End PBXFrameworksBuildPhase section */

/* Begin PBXGroup section */
		25F12F4D2C5C269F000C9DCE = {
			isa = PBXGroup;
			children = (
				25F12F582C5C269F000C9DCE /* iWeather */,
				25F12F6F2C5C26A4000C9DCE /* iWeatherTests */,
				25F12F792C5C26A4000C9DCE /* iWeatherUITests */,
				25F12F572C5C269F000C9DCE /* Products */,
			);
			sourceTree = "<group>";
		};
		25F12F572C5C269F000C9DCE /* Products */ = {
			isa = PBXGroup;
			children = (
				25F12F562C5C269F000C9DCE /* iWeather.app */,
				25F12F6C2C5C26A4000C9DCE /* iWeatherTests.xctest */,
				25F12F762C5C26A4000C9DCE /* iWeatherUITests.xctest */,
			);
			name = Products;
			sourceTree = "<group>";
		};
		25F12F582C5C269F000C9DCE /* iWeather */ = {
			isa = PBXGroup;
			children = (
				6BDB272B2C5EB77D007CB8F0 /* Utilities */,
				25F12F982C5C4092000C9DCE /* Constants */,
				25F12F972C5C38A6000C9DCE /* WebService */,
				25F12F8C2C5C2E47000C9DCE /* Views */,
				25F12F8B2C5C2E03000C9DCE /* Model */,
				25F12F8A2C5C2DF8000C9DCE /* ViewModel */,
				25F12F892C5C2DEB000C9DCE /* ViewController */,
				25F12F592C5C269F000C9DCE /* AppDelegate.swift */,
				25F12F5B2C5C269F000C9DCE /* SceneDelegate.swift */,
				25F12F5F2C5C269F000C9DCE /* Main.storyboard */,
				25F12F622C5C26A3000C9DCE /* Assets.xcassets */,
				25F12F642C5C26A3000C9DCE /* LaunchScreen.storyboard */,
				25F12F672C5C26A3000C9DCE /* Info.plist */,
				253301462C5D6922003CD5E8 /* CityJson.json */,
			);
			path = iWeather;
			sourceTree = "<group>";
		};
		25F12F6F2C5C26A4000C9DCE /* iWeatherTests */ = {
			isa = PBXGroup;
			children = (
				25F12F702C5C26A4000C9DCE /* iWeatherTests.swift */,
				6B3147BE2C5F0E320094D006 /* WeatherViewModelUnitTest.swift */,
				6B3147C42C603A8A0094D006 /* iWeatherMockService.swift */,
			);
			path = iWeatherTests;
			sourceTree = "<group>";
		};
		25F12F792C5C26A4000C9DCE /* iWeatherUITests */ = {
			isa = PBXGroup;
			children = (
				6B3147C62C6052D10094D006 /* Info.plist */,
				25F12F7A2C5C26A4000C9DCE /* iWeatherUITests.swift */,
				25F12F7C2C5C26A4000C9DCE /* iWeatherUITestsLaunchTests.swift */,
				6B3147C02C5F123B0094D006 /* WeatherViewElements.swift */,
			);
			path = iWeatherUITests;
			sourceTree = "<group>";
		};
		25F12F892C5C2DEB000C9DCE /* ViewController */ = {
			isa = PBXGroup;
			children = (
				25F12F9B2C5C41AF000C9DCE /* WeatherViewController.swift */,
				253301422C5C93D2003CD5E8 /* SearchCityViewController.swift */,
			);
			path = ViewController;
			sourceTree = "<group>";
		};
		25F12F8A2C5C2DF8000C9DCE /* ViewModel */ = {
			isa = PBXGroup;
			children = (
				25F12F932C5C37C6000C9DCE /* WeatherViewModel.swift */,
				25F12F9D2C5C425A000C9DCE /* WeatherViewDataSource.swift */,
				253301402C5C92E6003CD5E8 /* SearchCityViewModel.swift */,
			);
			path = ViewModel;
			sourceTree = "<group>";
		};
		25F12F8B2C5C2E03000C9DCE /* Model */ = {
			isa = PBXGroup;
			children = (
				25F12F912C5C3414000C9DCE /* Weather.swift */,
				2533013C2C5C905A003CD5E8 /* City.swift */,
			);
			path = Model;
			sourceTree = "<group>";
		};
		25F12F8C2C5C2E47000C9DCE /* Views */ = {
			isa = PBXGroup;
			children = (
				25F12F8D2C5C2FDD000C9DCE /* WeatherCell.xib */,
				25F12F8F2C5C32C3000C9DCE /* WeatherCell.swift */,
				6BDB27272C5E81DD007CB8F0 /* CityCell.xib */,
				6BDB27292C5E8209007CB8F0 /* CityCell.swift */,
			);
			path = Views;
			sourceTree = "<group>";
		};
		25F12F972C5C38A6000C9DCE /* WebService */ = {
			isa = PBXGroup;
			children = (
				25F12F952C5C37DE000C9DCE /* WebService.swift */,
			);
			path = WebService;
			sourceTree = "<group>";
		};
		25F12F982C5C4092000C9DCE /* Constants */ = {
			isa = PBXGroup;
			children = (
				25F12F992C5C409F000C9DCE /* Constants.swift */,
			);
			path = Constants;
			sourceTree = "<group>";
		};
		6BDB272B2C5EB77D007CB8F0 /* Utilities */ = {
			isa = PBXGroup;
			children = (
				25CBE7412C5C75AA00EB872F /* LocationManager.swift */,
				6BDB272C2C5EB7A7007CB8F0 /* UserDefaults.swift */,
			);
			path = Utilities;
			sourceTree = "<group>";
		};
/* End PBXGroup section */

/* Begin PBXNativeTarget section */
		25F12F552C5C269F000C9DCE /* iWeather */ = {
			isa = PBXNativeTarget;
			buildConfigurationList = 25F12F802C5C26A4000C9DCE /* Build configuration list for PBXNativeTarget "iWeather" */;
			buildPhases = (
				25F12F522C5C269F000C9DCE /* Sources */,
				25F12F532C5C269F000C9DCE /* Frameworks */,
				25F12F542C5C269F000C9DCE /* Resources */,
			);
			buildRules = (
			);
			dependencies = (
			);
			name = iWeather;
			productName = iWeather;
			productReference = 25F12F562C5C269F000C9DCE /* iWeather.app */;
			productType = "com.apple.product-type.application";
		};
		25F12F6B2C5C26A4000C9DCE /* iWeatherTests */ = {
			isa = PBXNativeTarget;
			buildConfigurationList = 25F12F832C5C26A4000C9DCE /* Build configuration list for PBXNativeTarget "iWeatherTests" */;
			buildPhases = (
				25F12F682C5C26A4000C9DCE /* Sources */,
				25F12F692C5C26A4000C9DCE /* Frameworks */,
				25F12F6A2C5C26A4000C9DCE /* Resources */,
			);
			buildRules = (
			);
			dependencies = (
				25F12F6E2C5C26A4000C9DCE /* PBXTargetDependency */,
			);
			name = iWeatherTests;
			productName = iWeatherTests;
			productReference = 25F12F6C2C5C26A4000C9DCE /* iWeatherTests.xctest */;
			productType = "com.apple.product-type.bundle.unit-test";
		};
		25F12F752C5C26A4000C9DCE /* iWeatherUITests */ = {
			isa = PBXNativeTarget;
			buildConfigurationList = 25F12F862C5C26A4000C9DCE /* Build configuration list for PBXNativeTarget "iWeatherUITests" */;
			buildPhases = (
				25F12F722C5C26A4000C9DCE /* Sources */,
				25F12F732C5C26A4000C9DCE /* Frameworks */,
				25F12F742C5C26A4000C9DCE /* Resources */,
			);
			buildRules = (
			);
			dependencies = (
				25F12F782C5C26A4000C9DCE /* PBXTargetDependency */,
			);
			name = iWeatherUITests;
			productName = iWeatherUITests;
			productReference = 25F12F762C5C26A4000C9DCE /* iWeatherUITests.xctest */;
			productType = "com.apple.product-type.bundle.ui-testing";
		};
/* End PBXNativeTarget section */

/* Begin PBXProject section */
		25F12F4E2C5C269F000C9DCE /* Project object */ = {
			isa = PBXProject;
			attributes = {
				BuildIndependentTargetsInParallel = 1;
				LastSwiftUpdateCheck = 1420;
				LastUpgradeCheck = 1420;
				TargetAttributes = {
					25F12F552C5C269F000C9DCE = {
						CreatedOnToolsVersion = 14.2;
					};
					25F12F6B2C5C26A4000C9DCE = {
						CreatedOnToolsVersion = 14.2;
						TestTargetID = 25F12F552C5C269F000C9DCE;
					};
					25F12F752C5C26A4000C9DCE = {
						CreatedOnToolsVersion = 14.2;
						TestTargetID = 25F12F552C5C269F000C9DCE;
					};
				};
			};
			buildConfigurationList = 25F12F512C5C269F000C9DCE /* Build configuration list for PBXProject "iWeather" */;
			compatibilityVersion = "Xcode 14.0";
			developmentRegion = en;
			hasScannedForEncodings = 0;
			knownRegions = (
				en,
				Base,
			);
			mainGroup = 25F12F4D2C5C269F000C9DCE;
			productRefGroup = 25F12F572C5C269F000C9DCE /* Products */;
			projectDirPath = "";
			projectRoot = "";
			targets = (
				25F12F552C5C269F000C9DCE /* iWeather */,
				25F12F6B2C5C26A4000C9DCE /* iWeatherTests */,
				25F12F752C5C26A4000C9DCE /* iWeatherUITests */,
			);
		};
/* End PBXProject section */

/* Begin PBXResourcesBuildPhase section */
		25F12F542C5C269F000C9DCE /* Resources */ = {
			isa = PBXResourcesBuildPhase;
			buildActionMask = 2147483647;
			files = (
				6BDB27282C5E81DD007CB8F0 /* CityCell.xib in Resources */,
				25F12F8E2C5C2FDD000C9DCE /* WeatherCell.xib in Resources */,
				253301472C5D6922003CD5E8 /* CityJson.json in Resources */,
				25F12F662C5C26A3000C9DCE /* LaunchScreen.storyboard in Resources */,
				25F12F632C5C26A3000C9DCE /* Assets.xcassets in Resources */,
				25F12F612C5C269F000C9DCE /* Main.storyboard in Resources */,
			);
			runOnlyForDeploymentPostprocessing = 0;
		};
		25F12F6A2C5C26A4000C9DCE /* Resources */ = {
			isa = PBXResourcesBuildPhase;
			buildActionMask = 2147483647;
			files = (
			);
			runOnlyForDeploymentPostprocessing = 0;
		};
		25F12F742C5C26A4000C9DCE /* Resources */ = {
			isa = PBXResourcesBuildPhase;
			buildActionMask = 2147483647;
			files = (
			);
			runOnlyForDeploymentPostprocessing = 0;
		};
/* End PBXResourcesBuildPhase section */

/* Begin PBXSourcesBuildPhase section */
		25F12F522C5C269F000C9DCE /* Sources */ = {
			isa = PBXSourcesBuildPhase;
			buildActionMask = 2147483647;
			files = (
				25F12F902C5C32C3000C9DCE /* WeatherCell.swift in Sources */,
				25F12F9C2C5C41AF000C9DCE /* WeatherViewController.swift in Sources */,
				25F12F9E2C5C425A000C9DCE /* WeatherViewDataSource.swift in Sources */,
				25CBE7422C5C75AA00EB872F /* LocationManager.swift in Sources */,
				25F12F942C5C37C6000C9DCE /* WeatherViewModel.swift in Sources */,
				25F12F962C5C37DE000C9DCE /* WebService.swift in Sources */,
				253301432C5C93D2003CD5E8 /* SearchCityViewController.swift in Sources */,
				25F12F5A2C5C269F000C9DCE /* AppDelegate.swift in Sources */,
				253301412C5C92E6003CD5E8 /* SearchCityViewModel.swift in Sources */,
				2533013D2C5C905A003CD5E8 /* City.swift in Sources */,
				25F12F5C2C5C269F000C9DCE /* SceneDelegate.swift in Sources */,
				6BDB272D2C5EB7A7007CB8F0 /* UserDefaults.swift in Sources */,
				25F12F922C5C3414000C9DCE /* Weather.swift in Sources */,
				6BDB272A2C5E8209007CB8F0 /* CityCell.swift in Sources */,
				25F12F9A2C5C409F000C9DCE /* Constants.swift in Sources */,
			);
			runOnlyForDeploymentPostprocessing = 0;
		};
		25F12F682C5C26A4000C9DCE /* Sources */ = {
			isa = PBXSourcesBuildPhase;
			buildActionMask = 2147483647;
			files = (
				6B3147C52C603A8A0094D006 /* iWeatherMockService.swift in Sources */,
				25F12F712C5C26A4000C9DCE /* iWeatherTests.swift in Sources */,
				6B3147BF2C5F0E320094D006 /* WeatherViewModelUnitTest.swift in Sources */,
			);
			runOnlyForDeploymentPostprocessing = 0;
		};
		25F12F722C5C26A4000C9DCE /* Sources */ = {
			isa = PBXSourcesBuildPhase;
			buildActionMask = 2147483647;
			files = (
				6B3147C12C5F123B0094D006 /* WeatherViewElements.swift in Sources */,
				25F12F7D2C5C26A4000C9DCE /* iWeatherUITestsLaunchTests.swift in Sources */,
				25F12F7B2C5C26A4000C9DCE /* iWeatherUITests.swift in Sources */,
			);
			runOnlyForDeploymentPostprocessing = 0;
		};
/* End PBXSourcesBuildPhase section */

/* Begin PBXTargetDependency section */
		25F12F6E2C5C26A4000C9DCE /* PBXTargetDependency */ = {
			isa = PBXTargetDependency;
			target = 25F12F552C5C269F000C9DCE /* iWeather */;
			targetProxy = 25F12F6D2C5C26A4000C9DCE /* PBXContainerItemProxy */;
		};
		25F12F782C5C26A4000C9DCE /* PBXTargetDependency */ = {
			isa = PBXTargetDependency;
			target = 25F12F552C5C269F000C9DCE /* iWeather */;
			targetProxy = 25F12F772C5C26A4000C9DCE /* PBXContainerItemProxy */;
		};
/* End PBXTargetDependency section */

/* Begin PBXVariantGroup section */
		25F12F5F2C5C269F000C9DCE /* Main.storyboard */ = {
			isa = PBXVariantGroup;
			children = (
				25F12F602C5C269F000C9DCE /* Base */,
			);
			name = Main.storyboard;
			sourceTree = "<group>";
		};
		25F12F642C5C26A3000C9DCE /* LaunchScreen.storyboard */ = {
			isa = PBXVariantGroup;
			children = (
				25F12F652C5C26A3000C9DCE /* Base */,
			);
			name = LaunchScreen.storyboard;
			sourceTree = "<group>";
		};
/* End PBXVariantGroup section */

/* Begin XCBuildConfiguration section */
		25F12F7E2C5C26A4000C9DCE /* Debug */ = {
			isa = XCBuildConfiguration;
			buildSettings = {
				ALWAYS_SEARCH_USER_PATHS = NO;
				CLANG_ANALYZER_NONNULL = YES;
				CLANG_ANALYZER_NUMBER_OBJECT_CONVERSION = YES_AGGRESSIVE;
				CLANG_CXX_LANGUAGE_STANDARD = "gnu++20";
				CLANG_ENABLE_MODULES = YES;
				CLANG_ENABLE_OBJC_ARC = YES;
				CLANG_ENABLE_OBJC_WEAK = YES;
				CLANG_WARN_BLOCK_CAPTURE_AUTORELEASING = YES;
				CLANG_WARN_BOOL_CONVERSION = YES;
				CLANG_WARN_COMMA = YES;
				CLANG_WARN_CONSTANT_CONVERSION = YES;
				CLANG_WARN_DEPRECATED_OBJC_IMPLEMENTATIONS = YES;
				CLANG_WARN_DIRECT_OBJC_ISA_USAGE = YES_ERROR;
				CLANG_WARN_DOCUMENTATION_COMMENTS = YES;
				CLANG_WARN_EMPTY_BODY = YES;
				CLANG_WARN_ENUM_CONVERSION = YES;
				CLANG_WARN_INFINITE_RECURSION = YES;
				CLANG_WARN_INT_CONVERSION = YES;
				CLANG_WARN_NON_LITERAL_NULL_CONVERSION = YES;
				CLANG_WARN_OBJC_IMPLICIT_RETAIN_SELF = YES;
				CLANG_WARN_OBJC_LITERAL_CONVERSION = YES;
				CLANG_WARN_OBJC_ROOT_CLASS = YES_ERROR;
				CLANG_WARN_QUOTED_INCLUDE_IN_FRAMEWORK_HEADER = YES;
				CLANG_WARN_RANGE_LOOP_ANALYSIS = YES;
				CLANG_WARN_STRICT_PROTOTYPES = YES;
				CLANG_WARN_SUSPICIOUS_MOVE = YES;
				CLANG_WARN_UNGUARDED_AVAILABILITY = YES_AGGRESSIVE;
				CLANG_WARN_UNREACHABLE_CODE = YES;
				CLANG_WARN__DUPLICATE_METHOD_MATCH = YES;
				COPY_PHASE_STRIP = NO;
				DEBUG_INFORMATION_FORMAT = dwarf;
				ENABLE_STRICT_OBJC_MSGSEND = YES;
				ENABLE_TESTABILITY = YES;
				GCC_C_LANGUAGE_STANDARD = gnu11;
				GCC_DYNAMIC_NO_PIC = NO;
				GCC_NO_COMMON_BLOCKS = YES;
				GCC_OPTIMIZATION_LEVEL = 0;
				GCC_PREPROCESSOR_DEFINITIONS = (
					"DEBUG=1",
					"$(inherited)",
				);
				GCC_WARN_64_TO_32_BIT_CONVERSION = YES;
				GCC_WARN_ABOUT_RETURN_TYPE = YES_ERROR;
				GCC_WARN_UNDECLARED_SELECTOR = YES;
				GCC_WARN_UNINITIALIZED_AUTOS = YES_AGGRESSIVE;
				GCC_WARN_UNUSED_FUNCTION = YES;
				GCC_WARN_UNUSED_VARIABLE = YES;
				IPHONEOS_DEPLOYMENT_TARGET = 16.2;
				MTL_ENABLE_DEBUG_INFO = INCLUDE_SOURCE;
				MTL_FAST_MATH = YES;
				ONLY_ACTIVE_ARCH = YES;
				SDKROOT = iphoneos;
				SWIFT_ACTIVE_COMPILATION_CONDITIONS = DEBUG;
				SWIFT_OPTIMIZATION_LEVEL = "-Onone";
			};
			name = Debug;
		};
		25F12F7F2C5C26A4000C9DCE /* Release */ = {
			isa = XCBuildConfiguration;
			buildSettings = {
				ALWAYS_SEARCH_USER_PATHS = NO;
				CLANG_ANALYZER_NONNULL = YES;
				CLANG_ANALYZER_NUMBER_OBJECT_CONVERSION = YES_AGGRESSIVE;
				CLANG_CXX_LANGUAGE_STANDARD = "gnu++20";
				CLANG_ENABLE_MODULES = YES;
				CLANG_ENABLE_OBJC_ARC = YES;
				CLANG_ENABLE_OBJC_WEAK = YES;
				CLANG_WARN_BLOCK_CAPTURE_AUTORELEASING = YES;
				CLANG_WARN_BOOL_CONVERSION = YES;
				CLANG_WARN_COMMA = YES;
				CLANG_WARN_CONSTANT_CONVERSION = YES;
				CLANG_WARN_DEPRECATED_OBJC_IMPLEMENTATIONS = YES;
				CLANG_WARN_DIRECT_OBJC_ISA_USAGE = YES_ERROR;
				CLANG_WARN_DOCUMENTATION_COMMENTS = YES;
				CLANG_WARN_EMPTY_BODY = YES;
				CLANG_WARN_ENUM_CONVERSION = YES;
				CLANG_WARN_INFINITE_RECURSION = YES;
				CLANG_WARN_INT_CONVERSION = YES;
				CLANG_WARN_NON_LITERAL_NULL_CONVERSION = YES;
				CLANG_WARN_OBJC_IMPLICIT_RETAIN_SELF = YES;
				CLANG_WARN_OBJC_LITERAL_CONVERSION = YES;
				CLANG_WARN_OBJC_ROOT_CLASS = YES_ERROR;
				CLANG_WARN_QUOTED_INCLUDE_IN_FRAMEWORK_HEADER = YES;
				CLANG_WARN_RANGE_LOOP_ANALYSIS = YES;
				CLANG_WARN_STRICT_PROTOTYPES = YES;
				CLANG_WARN_SUSPICIOUS_MOVE = YES;
				CLANG_WARN_UNGUARDED_AVAILABILITY = YES_AGGRESSIVE;
				CLANG_WARN_UNREACHABLE_CODE = YES;
				CLANG_WARN__DUPLICATE_METHOD_MATCH = YES;
				COPY_PHASE_STRIP = NO;
				DEBUG_INFORMATION_FORMAT = "dwarf-with-dsym";
				ENABLE_NS_ASSERTIONS = NO;
				ENABLE_STRICT_OBJC_MSGSEND = YES;
				GCC_C_LANGUAGE_STANDARD = gnu11;
				GCC_NO_COMMON_BLOCKS = YES;
				GCC_WARN_64_TO_32_BIT_CONVERSION = YES;
				GCC_WARN_ABOUT_RETURN_TYPE = YES_ERROR;
				GCC_WARN_UNDECLARED_SELECTOR = YES;
				GCC_WARN_UNINITIALIZED_AUTOS = YES_AGGRESSIVE;
				GCC_WARN_UNUSED_FUNCTION = YES;
				GCC_WARN_UNUSED_VARIABLE = YES;
				IPHONEOS_DEPLOYMENT_TARGET = 16.2;
				MTL_ENABLE_DEBUG_INFO = NO;
				MTL_FAST_MATH = YES;
				SDKROOT = iphoneos;
				SWIFT_COMPILATION_MODE = wholemodule;
				SWIFT_OPTIMIZATION_LEVEL = "-O";
				VALIDATE_PRODUCT = YES;
			};
			name = Release;
		};
		25F12F812C5C26A4000C9DCE /* Debug */ = {
			isa = XCBuildConfiguration;
			buildSettings = {
				ASSETCATALOG_COMPILER_APPICON_NAME = AppIcon;
				ASSETCATALOG_COMPILER_GLOBAL_ACCENT_COLOR_NAME = AccentColor;
				CODE_SIGN_STYLE = Automatic;
				CURRENT_PROJECT_VERSION = 1;
				GENERATE_INFOPLIST_FILE = YES;
				INFOPLIST_FILE = iWeather/Info.plist;
				INFOPLIST_KEY_NSLocationAlwaysAndWhenInUseUsageDescription = "We need location details to provide accurate report";
				INFOPLIST_KEY_NSLocationWhenInUseUsageDescription = "We need location details to provide accurate report";
				INFOPLIST_KEY_UIApplicationSupportsIndirectInputEvents = YES;
				INFOPLIST_KEY_UILaunchStoryboardName = LaunchScreen;
				INFOPLIST_KEY_UIMainStoryboardFile = Main;
				INFOPLIST_KEY_UISupportedInterfaceOrientations = UIInterfaceOrientationPortrait;
				LD_RUNPATH_SEARCH_PATHS = (
					"$(inherited)",
					"@executable_path/Frameworks",
				);
				MARKETING_VERSION = 1.0;
				PRODUCT_BUNDLE_IDENTIFIER = com.personal.iWeather;
				PRODUCT_NAME = "$(TARGET_NAME)";
				SWIFT_EMIT_LOC_STRINGS = YES;
				SWIFT_VERSION = 5.0;
				TARGETED_DEVICE_FAMILY = "1,2";
			};
			name = Debug;
		};
		25F12F822C5C26A4000C9DCE /* Release */ = {
			isa = XCBuildConfiguration;
			buildSettings = {
				ASSETCATALOG_COMPILER_APPICON_NAME = AppIcon;
				ASSETCATALOG_COMPILER_GLOBAL_ACCENT_COLOR_NAME = AccentColor;
				CODE_SIGN_STYLE = Automatic;
				CURRENT_PROJECT_VERSION = 1;
				GENERATE_INFOPLIST_FILE = YES;
				INFOPLIST_FILE = iWeather/Info.plist;
				INFOPLIST_KEY_NSLocationAlwaysAndWhenInUseUsageDescription = "We need location details to provide accurate report";
				INFOPLIST_KEY_NSLocationWhenInUseUsageDescription = "We need location details to provide accurate report";
				INFOPLIST_KEY_UIApplicationSupportsIndirectInputEvents = YES;
				INFOPLIST_KEY_UILaunchStoryboardName = LaunchScreen;
				INFOPLIST_KEY_UIMainStoryboardFile = Main;
				INFOPLIST_KEY_UISupportedInterfaceOrientations = UIInterfaceOrientationPortrait;
				LD_RUNPATH_SEARCH_PATHS = (
					"$(inherited)",
					"@executable_path/Frameworks",
				);
				MARKETING_VERSION = 1.0;
				PRODUCT_BUNDLE_IDENTIFIER = com.personal.iWeather;
				PRODUCT_NAME = "$(TARGET_NAME)";
				SWIFT_EMIT_LOC_STRINGS = YES;
				SWIFT_VERSION = 5.0;
				TARGETED_DEVICE_FAMILY = "1,2";
			};
			name = Release;
		};
		25F12F842C5C26A4000C9DCE /* Debug */ = {
			isa = XCBuildConfiguration;
			buildSettings = {
				ALWAYS_EMBED_SWIFT_STANDARD_LIBRARIES = YES;
				BUNDLE_LOADER = "$(TEST_HOST)";
				CODE_SIGN_STYLE = Automatic;
				CURRENT_PROJECT_VERSION = 1;
				GENERATE_INFOPLIST_FILE = YES;
				IPHONEOS_DEPLOYMENT_TARGET = 16.2;
				MARKETING_VERSION = 1.0;
				PRODUCT_BUNDLE_IDENTIFIER = com.personal.iWeatherTests;
				PRODUCT_NAME = "$(TARGET_NAME)";
				SWIFT_EMIT_LOC_STRINGS = NO;
				SWIFT_VERSION = 5.0;
				TARGETED_DEVICE_FAMILY = "1,2";
				TEST_HOST = "$(BUILT_PRODUCTS_DIR)/iWeather.app/$(BUNDLE_EXECUTABLE_FOLDER_PATH)/iWeather";
			};
			name = Debug;
		};
		25F12F852C5C26A4000C9DCE /* Release */ = {
			isa = XCBuildConfiguration;
			buildSettings = {
				ALWAYS_EMBED_SWIFT_STANDARD_LIBRARIES = YES;
				BUNDLE_LOADER = "$(TEST_HOST)";
				CODE_SIGN_STYLE = Automatic;
				CURRENT_PROJECT_VERSION = 1;
				GENERATE_INFOPLIST_FILE = YES;
				IPHONEOS_DEPLOYMENT_TARGET = 16.2;
				MARKETING_VERSION = 1.0;
				PRODUCT_BUNDLE_IDENTIFIER = com.personal.iWeatherTests;
				PRODUCT_NAME = "$(TARGET_NAME)";
				SWIFT_EMIT_LOC_STRINGS = NO;
				SWIFT_VERSION = 5.0;
				TARGETED_DEVICE_FAMILY = "1,2";
				TEST_HOST = "$(BUILT_PRODUCTS_DIR)/iWeather.app/$(BUNDLE_EXECUTABLE_FOLDER_PATH)/iWeather";
			};
			name = Release;
		};
		25F12F872C5C26A4000C9DCE /* Debug */ = {
			isa = XCBuildConfiguration;
			buildSettings = {
				ALWAYS_EMBED_SWIFT_STANDARD_LIBRARIES = YES;
				CODE_SIGN_STYLE = Automatic;
				CURRENT_PROJECT_VERSION = 1;
				GENERATE_INFOPLIST_FILE = YES;
				INFOPLIST_FILE = iWeatherUITests/Info.plist;
				MARKETING_VERSION = 1.0;
				PRODUCT_BUNDLE_IDENTIFIER = com.personal.iWeatherUITests;
				PRODUCT_NAME = "$(TARGET_NAME)";
				SWIFT_EMIT_LOC_STRINGS = NO;
				SWIFT_VERSION = 5.0;
				TARGETED_DEVICE_FAMILY = "1,2";
				TEST_TARGET_NAME = iWeather;
			};
			name = Debug;
		};
		25F12F882C5C26A4000C9DCE /* Release */ = {
			isa = XCBuildConfiguration;
			buildSettings = {
				ALWAYS_EMBED_SWIFT_STANDARD_LIBRARIES = YES;
				CODE_SIGN_STYLE = Automatic;
				CURRENT_PROJECT_VERSION = 1;
				GENERATE_INFOPLIST_FILE = YES;
				INFOPLIST_FILE = iWeatherUITests/Info.plist;
				MARKETING_VERSION = 1.0;
				PRODUCT_BUNDLE_IDENTIFIER = com.personal.iWeatherUITests;
				PRODUCT_NAME = "$(TARGET_NAME)";
				SWIFT_EMIT_LOC_STRINGS = NO;
				SWIFT_VERSION = 5.0;
				TARGETED_DEVICE_FAMILY = "1,2";
				TEST_TARGET_NAME = iWeather;
			};
			name = Release;
		};
/* End XCBuildConfiguration section */

/* Begin XCConfigurationList section */
		25F12F512C5C269F000C9DCE /* Build configuration list for PBXProject "iWeather" */ = {
			isa = XCConfigurationList;
			buildConfigurations = (
				25F12F7E2C5C26A4000C9DCE /* Debug */,
				25F12F7F2C5C26A4000C9DCE /* Release */,
			);
			defaultConfigurationIsVisible = 0;
			defaultConfigurationName = Release;
		};
		25F12F802C5C26A4000C9DCE /* Build configuration list for PBXNativeTarget "iWeather" */ = {
			isa = XCConfigurationList;
			buildConfigurations = (
				25F12F812C5C26A4000C9DCE /* Debug */,
				25F12F822C5C26A4000C9DCE /* Release */,
			);
			defaultConfigurationIsVisible = 0;
			defaultConfigurationName = Release;
		};
		25F12F832C5C26A4000C9DCE /* Build configuration list for PBXNativeTarget "iWeatherTests" */ = {
			isa = XCConfigurationList;
			buildConfigurations = (
				25F12F842C5C26A4000C9DCE /* Debug */,
				25F12F852C5C26A4000C9DCE /* Release */,
			);
			defaultConfigurationIsVisible = 0;
			defaultConfigurationName = Release;
		};
		25F12F862C5C26A4000C9DCE /* Build configuration list for PBXNativeTarget "iWeatherUITests" */ = {
			isa = XCConfigurationList;
			buildConfigurations = (
				25F12F872C5C26A4000C9DCE /* Debug */,
				25F12F882C5C26A4000C9DCE /* Release */,
			);
			defaultConfigurationIsVisible = 0;
			defaultConfigurationName = Release;
		};
/* End XCConfigurationList section */
	};
	rootObject = 25F12F4E2C5C269F000C9DCE /* Project object */;
}
